
Microsoft Visual Studio Solution File, Format Version 12.00
# Visual Studio Version 17
VisualStudioVersion = 17.14.36603.0 d17.14
MinimumVisualStudioVersion = 10.0.40219.1
Project("{FAE04EC0-301F-11D3-BF4B-00C04F79EFBC}") = "AstroDroids", "AstroDroids\AstroDroids.csproj", "{B5F692E7-9CF0-4302-8DAF-81C9BFA501DD}"
EndProject
Global
	GlobalSection(SolutionConfigurationPlatforms) = preSolution
		Debug|Any CPU = Debug|Any CPU
		Release|Any CPU = Release|Any CPU
	EndGlobalSection
	GlobalSection(ProjectConfigurationPlatforms) = postSolution
		{B5F692E7-9CF0-4302-8DAF-81C9BFA501DD}.Debug|Any CPU.ActiveCfg = Debug|Any CPU
		{B5F692E7-9CF0-4302-8DAF-81C9BFA501DD}.Debug|Any CPU.Build.0 = Debug|Any CPU
		{B5F692E7-9CF0-4302-8DAF-81C9BFA501DD}.Release|Any CPU.ActiveCfg = Release|Any CPU
		{B5F692E7-9CF0-4302-8DAF-81C9BFA501DD}.Release|Any CPU.Build.0 = Release|Any CPU
	EndGlobalSection
	GlobalSection(SolutionProperties) = preSolution
		HideSolutionNode = FALSE
	EndGlobalSection
	GlobalSection(ExtensibilityGlobals) = postSolution
		SolutionGuid = {8BCAD3AB-1761-4196-B9EA-BF61FBFDBE78}
	EndGlobalSection
EndGlobal
